{
  "name": "@usepolylingo/translate-action",
  "version": "1.0.0",
  "lockfileVersion": 3,
  "requires": true,
  "packages": {
    "": {
      "name": "@usepolylingo/translate-action",
      "version": "1.0.0",
      "license": "MIT",
      "dependencies": {
        "polylingo": "^0.1.3"
      }
    },
    "node_modules/polylingo": {
      "version": "0.1.3",
      "resolved": "https://registry.npmjs.org/polylingo/-/polylingo-0.1.3.tgz",
      "integrity": "sha512-cJBJ4WZlGiF0GNoIRH4T8bp3Yy2538nIC3Ysoy2x/kqzR/LzIM+DmvPdZFJ8Me+8+A2xLLsAxcOwMIi9Jmhmqw==",
      "license": "MIT",
      "engines": {
        "node": ">=18"
      }
    }
  }
}
